
Microsoft Visual Studio Solution File, Format Version 12.00
# Visual Studio 15
VisualStudioVersion = 15.0.28307.539
MinimumVisualStudioVersion = 10.0.40219.1
Project("{FAE04EC0-301F-11D3-BF4B-00C04F79EFBC}") = "VigenereAffine_Breaker", "VigenereAffine_Breaker.csproj", "{248BED1B-4B85-4F0A-8034-F1521B8A51C4}"
EndProject
Global
	GlobalSection(SolutionConfigurationPlatforms) = preSolution
		Debug|Any CPU = Debug|Any CPU
		Release|Any CPU = Release|Any CPU
	EndGlobalSection
	GlobalSection(ProjectConfigurationPlatforms) = postSolution
		{248BED1B-4B85-4F0A-8034-F1521B8A51C4}.Debug|Any CPU.ActiveCfg = Debug|Any CPU
		{248BED1B-4B85-4F0A-8034-F1521B8A51C4}.Debug|Any CPU.Build.0 = Debug|Any CPU
		{248BED1B-4B85-4F0A-8034-F1521B8A51C4}.Release|Any CPU.ActiveCfg = Release|Any CPU
		{248BED1B-4B85-4F0A-8034-F1521B8A51C4}.Release|Any CPU.Build.0 = Release|Any CPU
	EndGlobalSection
	GlobalSection(SolutionProperties) = preSolution
		HideSolutionNode = FALSE
	EndGlobalSection
	GlobalSection(ExtensibilityGlobals) = postSolution
		SolutionGuid = {290D91E6-910B-4B56-84DF-C012FFD57F9C}
	EndGlobalSection
EndGlobal
